{
  "name": "@devanshdeveloper/json-to-html",
  "version": "1.0.3",
  "lockfileVersion": 3,
  "requires": true,
  "packages": {
    "": {
      "name": "@devanshdeveloper/json-to-html",
      "version": "1.0.3",
      "license": "MIT",
      "dependencies": {
        "@devanshdeveloper/is-this": "^1.1.7",
        "css-unit-manager": "^1.0.2",
        "extendeddomjs": "^1.0.5",
        "lang-json": "^1.0.3",
        "typescript": "^5.0.0"
      }
    },
    "node_modules/@devanshdeveloper/is-this": {
      "version": "1.1.7",
      "resolved": "https://registry.npmjs.org/@devanshdeveloper/is-this/-/is-this-1.1.7.tgz",
      "integrity": "sha512-2nt+KpMVsLVh3oD+/mS4ZQsyvc0Bic3U1qTkGZj6IMOboY8+N0HT6SCI6NqS7GqgAu+0CNFkTA0Mu2gEP2qvUA==",
      "license": "MIT"
    },
    "node_modules/css-unit-manager": {
      "version": "1.0.2",
      "resolved": "https://registry.npmjs.org/css-unit-manager/-/css-unit-manager-1.0.2.tgz",
      "integrity": "sha512-LI0TMRSUijl3HbvC+jkFFk7BZBq5dL3XP+NBfN9/Ql4Ig5nrMx0LHGxnnqwwwschIlGh34ucexkoQJ210hg1ug==",
      "license": "MIT"
    },
    "node_modules/extendeddomjs": {
      "version": "1.0.5",
      "resolved": "https://registry.npmjs.org/extendeddomjs/-/extendeddomjs-1.0.5.tgz",
      "integrity": "sha512-JxV0ckILiNRQQchUBIn3ywR456SDjqogVnaatWZDnIXtNSt6dGZf9llNkLXSRUBJkseE5ddvu8znDlzEWDVZwQ==",
      "license": "MIT"
    },
    "node_modules/lang-json": {
      "version": "1.0.3",
      "resolved": "https://registry.npmjs.org/lang-json/-/lang-json-1.0.3.tgz",
      "integrity": "sha512-EbZytqKcGzUuJtuDTR/ZAt3LsStBLwAwpv3E+fE+J420TBaUbrTWdDfdHHZNxPh7j7j8S1XL48ya5u9c2DEcdw==",
      "license": "MIT",
      "dependencies": {
        "@devanshdeveloper/is-this": "^1.1.6"
      }
    },
    "node_modules/typescript": {
      "version": "5.6.3",
      "resolved": "https://registry.npmjs.org/typescript/-/typescript-5.6.3.tgz",
      "integrity": "sha512-hjcS1mhfuyi4WW8IWtjP7brDrG2cuDZukyrYrSauoXGNgx0S7zceP07adYkJycEr56BOUTNPzbInooiN3fn1qw==",
      "license": "Apache-2.0",
      "bin": {
        "tsc": "bin/tsc",
        "tsserver": "bin/tsserver"
      },
      "engines": {
        "node": ">=14.17"
      }
    }
  }
}
